Microsoft Visual Studio Solution File, Format Version 12.00
# Visual Studio Version 17
VisualStudioVersion = 17.5.2.0
MinimumVisualStudioVersion = 10.0.40219.1
Project("{FAE04EC0-301F-11D3-BF4B-00C04F79EFBC}") = "MyPO.API", "MyPO.API\MyPO.API.csproj", "{C169FB2B-4A2A-CBF6-3EF2-035FF065906A}"
EndProject
Global
	GlobalSection(SolutionConfigurationPlatforms) = preSolution
		Debug|Any CPU = Debug|Any CPU
		Release|Any CPU = Release|Any CPU
	EndGlobalSection
	GlobalSection(ProjectConfigurationPlatforms) = postSolution
		{C169FB2B-4A2A-CBF6-3EF2-035FF065906A}.Debug|Any CPU.ActiveCfg = Debug|Any CPU
		{C169FB2B-4A2A-CBF6-3EF2-035FF065906A}.Debug|Any CPU.Build.0 = Debug|Any CPU
		{C169FB2B-4A2A-CBF6-3EF2-035FF065906A}.Release|Any CPU.ActiveCfg = Release|Any CPU
		{C169FB2B-4A2A-CBF6-3EF2-035FF065906A}.Release|Any CPU.Build.0 = Release|Any CPU
	EndGlobalSection
	GlobalSection(SolutionProperties) = preSolution
		HideSolutionNode = FALSE
	EndGlobalSection
	GlobalSection(ExtensibilityGlobals) = postSolution
		SolutionGuid = {B9F2832E-E634-40F7-9BDB-822E483841CA}
	EndGlobalSection
EndGlobal
